<?xml version="1.0" encoding="utf-8"?>
<Project ToolsVersion="16.0" xmlns="http://schemas.microsoft.com/developer/msbuild/2003">
  <ItemGroup>
    <ClCompile Include="D:\Bots\dev_bot\bot\bot_simple.cc">
      <Filter>Source Files</Filter>
    </ClCompile>
    <ClCompile Include="D:\Bots\dev_bot\bot\common\bot_examples.cc">
      <Filter>Source Files</Filter>
    </ClCompile>
  </ItemGroup>
  <ItemGroup>
    <ClInclude Include="D:\Bots\dev_bot\bot\common\bot_examples.h">
      <Filter>Header Files</Filter>
    </ClInclude>
  </ItemGroup>
  <ItemGroup>
    <CustomBuild Include="D:\Bots\dev_bot\bot\CMakeLists.txt" />
  </ItemGroup>
  <ItemGroup>
    <Filter Include="Header Files">
      <UniqueIdentifier>{F57C66BC-711F-3471-938D-8F159395893B}</UniqueIdentifier>
    </Filter>
    <Filter Include="Source Files">
      <UniqueIdentifier>{88B8BBD5-7FB8-3881-9EB5-80A26C67A450}</UniqueIdentifier>
    </Filter>
  </ItemGroup>
</Project>
